Microsoft Visual Studio Solution File, Format Version 12.00
# Visual Studio Version 17
VisualStudioVersion = 17.5.2.0
MinimumVisualStudioVersion = 10.0.40219.1
Project("{FAE04EC0-301F-11D3-BF4B-00C04F79EFBC}") = "FilmRentalStore.API", "FilmRentalStore.API.csproj", "{2238744E-78E8-292A-1CE3-0A0D050791C0}"
EndProject
Global
	GlobalSection(SolutionConfigurationPlatforms) = preSolution
		Debug|Any CPU = Debug|Any CPU
		Release|Any CPU = Release|Any CPU
	EndGlobalSection
	GlobalSection(ProjectConfigurationPlatforms) = postSolution
		{2238744E-78E8-292A-1CE3-0A0D050791C0}.Debug|Any CPU.ActiveCfg = Debug|Any CPU
		{2238744E-78E8-292A-1CE3-0A0D050791C0}.Debug|Any CPU.Build.0 = Debug|Any CPU
		{2238744E-78E8-292A-1CE3-0A0D050791C0}.Release|Any CPU.ActiveCfg = Release|Any CPU
		{2238744E-78E8-292A-1CE3-0A0D050791C0}.Release|Any CPU.Build.0 = Release|Any CPU
	EndGlobalSection
	GlobalSection(SolutionProperties) = preSolution
		HideSolutionNode = FALSE
	EndGlobalSection
	GlobalSection(ExtensibilityGlobals) = postSolution
		SolutionGuid = {8412AC16-CE49-42AE-A73E-14C636600BCE}
	EndGlobalSection
EndGlobal
